
Microsoft Visual Studio Solution File, Format Version 12.00
# Visual Studio Version 17
VisualStudioVersion = 17.6.33815.320
MinimumVisualStudioVersion = 10.0.40219.1
Project("{FAE04EC0-301F-11D3-BF4B-00C04F79EFBC}") = "Task_1", "Task_1\Task_1.csproj", "{87413F46-B864-4117-9F11-2A5F25856A94}"
EndProject
Project("{FAE04EC0-301F-11D3-BF4B-00C04F79EFBC}") = "Task_2", "Task_2\Task_2.csproj", "{75144CDA-0F73-4833-A197-1392ED8669A9}"
EndProject
Global
	GlobalSection(SolutionConfigurationPlatforms) = preSolution
		Debug|Any CPU = Debug|Any CPU
		Release|Any CPU = Release|Any CPU
	EndGlobalSection
	GlobalSection(ProjectConfigurationPlatforms) = postSolution
		{87413F46-B864-4117-9F11-2A5F25856A94}.Debug|Any CPU.ActiveCfg = Debug|Any CPU
		{87413F46-B864-4117-9F11-2A5F25856A94}.Debug|Any CPU.Build.0 = Debug|Any CPU
		{87413F46-B864-4117-9F11-2A5F25856A94}.Release|Any CPU.ActiveCfg = Release|Any CPU
		{87413F46-B864-4117-9F11-2A5F25856A94}.Release|Any CPU.Build.0 = Release|Any CPU
		{75144CDA-0F73-4833-A197-1392ED8669A9}.Debug|Any CPU.ActiveCfg = Debug|Any CPU
		{75144CDA-0F73-4833-A197-1392ED8669A9}.Debug|Any CPU.Build.0 = Debug|Any CPU
		{75144CDA-0F73-4833-A197-1392ED8669A9}.Release|Any CPU.ActiveCfg = Release|Any CPU
		{75144CDA-0F73-4833-A197-1392ED8669A9}.Release|Any CPU.Build.0 = Release|Any CPU
	EndGlobalSection
	GlobalSection(SolutionProperties) = preSolution
		HideSolutionNode = FALSE
	EndGlobalSection
	GlobalSection(ExtensibilityGlobals) = postSolution
		SolutionGuid = {2BB1AE7B-E0E7-4E1B-8544-BCC0A0C8E84F}
	EndGlobalSection
EndGlobal
