
Microsoft Visual Studio Solution File, Format Version 12.00
# Visual Studio Version 17
VisualStudioVersion = 17.6.33815.320
MinimumVisualStudioVersion = 10.0.40219.1
Project("{FAE04EC0-301F-11D3-BF4B-00C04F79EFBC}") = "Practice_20", "Practice_20\Practice_20.csproj", "{6AFC26FB-DB5F-4E92-9609-24CAA5BC03C4}"
EndProject
Global
	GlobalSection(SolutionConfigurationPlatforms) = preSolution
		Debug|Any CPU = Debug|Any CPU
		Release|Any CPU = Release|Any CPU
	EndGlobalSection
	GlobalSection(ProjectConfigurationPlatforms) = postSolution
		{6AFC26FB-DB5F-4E92-9609-24CAA5BC03C4}.Debug|Any CPU.ActiveCfg = Debug|Any CPU
		{6AFC26FB-DB5F-4E92-9609-24CAA5BC03C4}.Debug|Any CPU.Build.0 = Debug|Any CPU
		{6AFC26FB-DB5F-4E92-9609-24CAA5BC03C4}.Release|Any CPU.ActiveCfg = Release|Any CPU
		{6AFC26FB-DB5F-4E92-9609-24CAA5BC03C4}.Release|Any CPU.Build.0 = Release|Any CPU
	EndGlobalSection
	GlobalSection(SolutionProperties) = preSolution
		HideSolutionNode = FALSE
	EndGlobalSection
	GlobalSection(ExtensibilityGlobals) = postSolution
		SolutionGuid = {067914DA-764E-4DD0-A867-FAC77945FCA5}
	EndGlobalSection
EndGlobal
