
Microsoft Visual Studio Solution File, Format Version 12.00
# Visual Studio Version 17
VisualStudioVersion = 17.6.33815.320
MinimumVisualStudioVersion = 10.0.40219.1
Project("{9A19103F-16F7-4668-BE54-9A1E7A4F7556}") = "Task_1", "Task_1\Task_1.csproj", "{65064004-73C1-4CC8-AFA3-EB7E4E6D663F}"
EndProject
Project("{FAE04EC0-301F-11D3-BF4B-00C04F79EFBC}") = "Task_2", "Task_2\Task_2.csproj", "{A89A7AA8-D6B8-4A75-90F4-DB1D436CC336}"
EndProject
Global
	GlobalSection(SolutionConfigurationPlatforms) = preSolution
		Debug|Any CPU = Debug|Any CPU
		Release|Any CPU = Release|Any CPU
	EndGlobalSection
	GlobalSection(ProjectConfigurationPlatforms) = postSolution
		{65064004-73C1-4CC8-AFA3-EB7E4E6D663F}.Debug|Any CPU.ActiveCfg = Debug|Any CPU
		{65064004-73C1-4CC8-AFA3-EB7E4E6D663F}.Debug|Any CPU.Build.0 = Debug|Any CPU
		{65064004-73C1-4CC8-AFA3-EB7E4E6D663F}.Release|Any CPU.ActiveCfg = Release|Any CPU
		{65064004-73C1-4CC8-AFA3-EB7E4E6D663F}.Release|Any CPU.Build.0 = Release|Any CPU
		{A89A7AA8-D6B8-4A75-90F4-DB1D436CC336}.Debug|Any CPU.ActiveCfg = Debug|Any CPU
		{A89A7AA8-D6B8-4A75-90F4-DB1D436CC336}.Debug|Any CPU.Build.0 = Debug|Any CPU
		{A89A7AA8-D6B8-4A75-90F4-DB1D436CC336}.Release|Any CPU.ActiveCfg = Release|Any CPU
		{A89A7AA8-D6B8-4A75-90F4-DB1D436CC336}.Release|Any CPU.Build.0 = Release|Any CPU
	EndGlobalSection
	GlobalSection(SolutionProperties) = preSolution
		HideSolutionNode = FALSE
	EndGlobalSection
	GlobalSection(ExtensibilityGlobals) = postSolution
		SolutionGuid = {F92D1D07-140D-4538-8169-95B13A768792}
	EndGlobalSection
EndGlobal
