
Microsoft Visual Studio Solution File, Format Version 12.00
# Visual Studio Version 17
VisualStudioVersion = 17.6.33815.320
MinimumVisualStudioVersion = 10.0.40219.1
Project("{9A19103F-16F7-4668-BE54-9A1E7A4F7556}") = "Task_1", "Task_1\Task_1.csproj", "{2A72ABC8-55C7-45A0-8A66-42FB0CEAF14D}"
EndProject
Project("{9A19103F-16F7-4668-BE54-9A1E7A4F7556}") = "Task_2", "Task_2\Task_2.csproj", "{85386E57-3E1B-4209-B68D-E467A0F4EAD7}"
EndProject
Project("{9A19103F-16F7-4668-BE54-9A1E7A4F7556}") = "Task_3", "Task_3\Task_3.csproj", "{F6C1D325-577D-4B2E-8F71-33BB4BF96103}"
EndProject
Project("{9A19103F-16F7-4668-BE54-9A1E7A4F7556}") = "Task_4", "Task_4\Task_4.csproj", "{E9739B6A-E11F-4F02-8925-96839622BA31}"
EndProject
Project("{FAE04EC0-301F-11D3-BF4B-00C04F79EFBC}") = "Task_5", "Task_51\Task_5.csproj", "{B7F3CEFA-B2A9-447B-B72D-C4BF94CDD431}"
EndProject
Global
	GlobalSection(SolutionConfigurationPlatforms) = preSolution
		Debug|Any CPU = Debug|Any CPU
		Release|Any CPU = Release|Any CPU
	EndGlobalSection
	GlobalSection(ProjectConfigurationPlatforms) = postSolution
		{2A72ABC8-55C7-45A0-8A66-42FB0CEAF14D}.Debug|Any CPU.ActiveCfg = Debug|Any CPU
		{2A72ABC8-55C7-45A0-8A66-42FB0CEAF14D}.Debug|Any CPU.Build.0 = Debug|Any CPU
		{2A72ABC8-55C7-45A0-8A66-42FB0CEAF14D}.Release|Any CPU.ActiveCfg = Release|Any CPU
		{2A72ABC8-55C7-45A0-8A66-42FB0CEAF14D}.Release|Any CPU.Build.0 = Release|Any CPU
		{85386E57-3E1B-4209-B68D-E467A0F4EAD7}.Debug|Any CPU.ActiveCfg = Debug|Any CPU
		{85386E57-3E1B-4209-B68D-E467A0F4EAD7}.Debug|Any CPU.Build.0 = Debug|Any CPU
		{85386E57-3E1B-4209-B68D-E467A0F4EAD7}.Release|Any CPU.ActiveCfg = Release|Any CPU
		{85386E57-3E1B-4209-B68D-E467A0F4EAD7}.Release|Any CPU.Build.0 = Release|Any CPU
		{F6C1D325-577D-4B2E-8F71-33BB4BF96103}.Debug|Any CPU.ActiveCfg = Debug|Any CPU
		{F6C1D325-577D-4B2E-8F71-33BB4BF96103}.Debug|Any CPU.Build.0 = Debug|Any CPU
		{F6C1D325-577D-4B2E-8F71-33BB4BF96103}.Release|Any CPU.ActiveCfg = Release|Any CPU
		{F6C1D325-577D-4B2E-8F71-33BB4BF96103}.Release|Any CPU.Build.0 = Release|Any CPU
		{E9739B6A-E11F-4F02-8925-96839622BA31}.Debug|Any CPU.ActiveCfg = Debug|Any CPU
		{E9739B6A-E11F-4F02-8925-96839622BA31}.Debug|Any CPU.Build.0 = Debug|Any CPU
		{E9739B6A-E11F-4F02-8925-96839622BA31}.Release|Any CPU.ActiveCfg = Release|Any CPU
		{E9739B6A-E11F-4F02-8925-96839622BA31}.Release|Any CPU.Build.0 = Release|Any CPU
		{B7F3CEFA-B2A9-447B-B72D-C4BF94CDD431}.Debug|Any CPU.ActiveCfg = Debug|Any CPU
		{B7F3CEFA-B2A9-447B-B72D-C4BF94CDD431}.Debug|Any CPU.Build.0 = Debug|Any CPU
		{B7F3CEFA-B2A9-447B-B72D-C4BF94CDD431}.Release|Any CPU.ActiveCfg = Release|Any CPU
		{B7F3CEFA-B2A9-447B-B72D-C4BF94CDD431}.Release|Any CPU.Build.0 = Release|Any CPU
	EndGlobalSection
	GlobalSection(SolutionProperties) = preSolution
		HideSolutionNode = FALSE
	EndGlobalSection
	GlobalSection(ExtensibilityGlobals) = postSolution
		SolutionGuid = {0A3665E3-45A9-4C41-9067-5527559CA9EA}
	EndGlobalSection
EndGlobal
